
Microsoft Visual Studio Solution File, Format Version 12.00
# Visual Studio Version 17
VisualStudioVersion = 17.5.33516.290
MinimumVisualStudioVersion = 10.0.40219.1
Project("{FAE04EC0-301F-11D3-BF4B-00C04F79EFBC}") = "DapperCRUD", "DapperCRUD\DapperCRUD.csproj", "{D8A8904F-E622-4501-9A1E-0A6733BC459E}"
EndProject
Global
	GlobalSection(SolutionConfigurationPlatforms) = preSolution
		Debug|Any CPU = Debug|Any CPU
		Release|Any CPU = Release|Any CPU
	EndGlobalSection
	GlobalSection(ProjectConfigurationPlatforms) = postSolution
		{D8A8904F-E622-4501-9A1E-0A6733BC459E}.Debug|Any CPU.ActiveCfg = Debug|Any CPU
		{D8A8904F-E622-4501-9A1E-0A6733BC459E}.Debug|Any CPU.Build.0 = Debug|Any CPU
		{D8A8904F-E622-4501-9A1E-0A6733BC459E}.Release|Any CPU.ActiveCfg = Release|Any CPU
		{D8A8904F-E622-4501-9A1E-0A6733BC459E}.Release|Any CPU.Build.0 = Release|Any CPU
	EndGlobalSection
	GlobalSection(SolutionProperties) = preSolution
		HideSolutionNode = FALSE
	EndGlobalSection
	GlobalSection(ExtensibilityGlobals) = postSolution
		SolutionGuid = {602BCE1B-F9EA-431E-AC63-F4D4A3682147}
	EndGlobalSection
EndGlobal
